
Microsoft Visual Studio Solution File, Format Version 12.00
# Visual Studio Version 16
VisualStudioVersion = 16.0.29709.97
MinimumVisualStudioVersion = 10.0.40219.1
Project("{FAE04EC0-301F-11D3-BF4B-00C04F79EFBC}") = "Activation Keys", "Activation Keys\Activation Keys.csproj", "{04D87FBC-76EB-44C3-ABE2-6138F2A2A318}"
EndProject
Project("{FAE04EC0-301F-11D3-BF4B-00C04F79EFBC}") = "Emoji Detector", "Emoji Detector\Emoji Detector.csproj", "{2C00F820-0B4F-4B3B-BE09-CB2E023AA2E2}"
EndProject
Project("{FAE04EC0-301F-11D3-BF4B-00C04F79EFBC}") = "Pirates", "Pirates\Pirates.csproj", "{5597EEE6-6BF4-4831-A566-22C9D37ACA90}"
EndProject
Global
	GlobalSection(SolutionConfigurationPlatforms) = preSolution
		Debug|Any CPU = Debug|Any CPU
		Release|Any CPU = Release|Any CPU
	EndGlobalSection
	GlobalSection(ProjectConfigurationPlatforms) = postSolution
		{04D87FBC-76EB-44C3-ABE2-6138F2A2A318}.Debug|Any CPU.ActiveCfg = Debug|Any CPU
		{04D87FBC-76EB-44C3-ABE2-6138F2A2A318}.Debug|Any CPU.Build.0 = Debug|Any CPU
		{04D87FBC-76EB-44C3-ABE2-6138F2A2A318}.Release|Any CPU.ActiveCfg = Release|Any CPU
		{04D87FBC-76EB-44C3-ABE2-6138F2A2A318}.Release|Any CPU.Build.0 = Release|Any CPU
		{2C00F820-0B4F-4B3B-BE09-CB2E023AA2E2}.Debug|Any CPU.ActiveCfg = Debug|Any CPU
		{2C00F820-0B4F-4B3B-BE09-CB2E023AA2E2}.Debug|Any CPU.Build.0 = Debug|Any CPU
		{2C00F820-0B4F-4B3B-BE09-CB2E023AA2E2}.Release|Any CPU.ActiveCfg = Release|Any CPU
		{2C00F820-0B4F-4B3B-BE09-CB2E023AA2E2}.Release|Any CPU.Build.0 = Release|Any CPU
		{5597EEE6-6BF4-4831-A566-22C9D37ACA90}.Debug|Any CPU.ActiveCfg = Debug|Any CPU
		{5597EEE6-6BF4-4831-A566-22C9D37ACA90}.Debug|Any CPU.Build.0 = Debug|Any CPU
		{5597EEE6-6BF4-4831-A566-22C9D37ACA90}.Release|Any CPU.ActiveCfg = Release|Any CPU
		{5597EEE6-6BF4-4831-A566-22C9D37ACA90}.Release|Any CPU.Build.0 = Release|Any CPU
	EndGlobalSection
	GlobalSection(SolutionProperties) = preSolution
		HideSolutionNode = FALSE
	EndGlobalSection
	GlobalSection(ExtensibilityGlobals) = postSolution
		SolutionGuid = {44BFC2FF-55C7-4E24-A2DA-7310CCF93547}
	EndGlobalSection
EndGlobal
