
Microsoft Visual Studio Solution File, Format Version 12.00
# Visual Studio 15
VisualStudioVersion = 15.0.28307.902
MinimumVisualStudioVersion = 10.0.40219.1
Project("{FAE04EC0-301F-11D3-BF4B-00C04F79EFBC}") = "Refactoring Code StudentSystem", "Refactoring Code\Refactoring Code StudentSystem.csproj", "{D61CA348-39CD-4A99-A50F-700EE12F09A0}"
EndProject
Project("{9A19103F-16F7-4668-BE54-9A1E7A4F7556}") = "P03_StudentSystem", "C:\Users\T\Desktop\WorkingWithAbstraction\P03_StudentSystem\P03_StudentSystem.csproj", "{2E6C8DD6-1E6C-4BFA-9BC7-594EFA11C4A2}"
EndProject
Global
	GlobalSection(SolutionConfigurationPlatforms) = preSolution
		Debug|Any CPU = Debug|Any CPU
		Release|Any CPU = Release|Any CPU
	EndGlobalSection
	GlobalSection(ProjectConfigurationPlatforms) = postSolution
		{D61CA348-39CD-4A99-A50F-700EE12F09A0}.Debug|Any CPU.ActiveCfg = Debug|Any CPU
		{D61CA348-39CD-4A99-A50F-700EE12F09A0}.Debug|Any CPU.Build.0 = Debug|Any CPU
		{D61CA348-39CD-4A99-A50F-700EE12F09A0}.Release|Any CPU.ActiveCfg = Release|Any CPU
		{D61CA348-39CD-4A99-A50F-700EE12F09A0}.Release|Any CPU.Build.0 = Release|Any CPU
		{2E6C8DD6-1E6C-4BFA-9BC7-594EFA11C4A2}.Debug|Any CPU.ActiveCfg = Debug|Any CPU
		{2E6C8DD6-1E6C-4BFA-9BC7-594EFA11C4A2}.Debug|Any CPU.Build.0 = Debug|Any CPU
		{2E6C8DD6-1E6C-4BFA-9BC7-594EFA11C4A2}.Release|Any CPU.ActiveCfg = Release|Any CPU
		{2E6C8DD6-1E6C-4BFA-9BC7-594EFA11C4A2}.Release|Any CPU.Build.0 = Release|Any CPU
	EndGlobalSection
	GlobalSection(SolutionProperties) = preSolution
		HideSolutionNode = FALSE
	EndGlobalSection
	GlobalSection(ExtensibilityGlobals) = postSolution
		SolutionGuid = {01653573-FA7A-4325-9ED5-62F6B57C3D36}
	EndGlobalSection
EndGlobal
