
Microsoft Visual Studio Solution File, Format Version 12.00
# Visual Studio 15
VisualStudioVersion = 15.0.28307.902
MinimumVisualStudioVersion = 10.0.40219.1
Project("{9A19103F-16F7-4668-BE54-9A1E7A4F7556}") = "Refactoring Code StudentSystem", "Refactoring Code\Refactoring Code StudentSystem.csproj", "{D61CA348-39CD-4A99-A50F-700EE12F09A0}"
EndProject
Project("{9A19103F-16F7-4668-BE54-9A1E7A4F7556}") = "P03_StudentSystem", "C:\Users\T\Desktop\WorkingWithAbstraction\P03_StudentSystem\P03_StudentSystem.csproj", "{2E6C8DD6-1E6C-4BFA-9BC7-594EFA11C4A2}"
EndProject
Project("{9A19103F-16F7-4668-BE54-9A1E7A4F7556}") = "P01. Rhombus of Stars", "P01. Rhombus of Stars\P01. Rhombus of Stars.csproj", "{7880B397-5FAF-4412-ADD5-BD54FAB6D4FF}"
EndProject
Project("{9A19103F-16F7-4668-BE54-9A1E7A4F7556}") = "P02. Point in Rectangle", "P02. Point in Rectangle\P02. Point in Rectangle.csproj", "{D205594A-5799-4728-90C7-8C8A86760933}"
EndProject
Project("{FAE04EC0-301F-11D3-BF4B-00C04F79EFBC}") = "04. Refacture Raw Data", "04. Raw Data\04. Refacture Raw Data.csproj", "{A2AA5091-9353-457A-8FE4-F46DDB4714A3}"
EndProject
Project("{9A19103F-16F7-4668-BE54-9A1E7A4F7556}") = "P01_RawData", "Resources\P01_RawData\P01_RawData.csproj", "{20B29345-DEA0-457B-828E-B92696F0DDE3}"
EndProject
Project("{FAE04EC0-301F-11D3-BF4B-00C04F79EFBC}") = "05. Refacture Car Salesman", "05. Refacture Car Salesman\05. Refacture Car Salesman.csproj", "{84CA1E26-1046-4E12-A6A5-378E9B50F9C0}"
EndProject
Project("{9A19103F-16F7-4668-BE54-9A1E7A4F7556}") = "P02_CarsSalesman", "Resources\P02_CarsSalesman\P02_CarsSalesman.csproj", "{63FA2C6E-88E7-4FD5-A9C4-0F1D50213E25}"
EndProject
Project("{FAE04EC0-301F-11D3-BF4B-00C04F79EFBC}") = "06. Refacture Jedi Galaxy", "Refacture Jedi Galaxy\06. Refacture Jedi Galaxy.csproj", "{CDC4DA19-704C-4B46-A70F-5A310437EE36}"
EndProject
Project("{9A19103F-16F7-4668-BE54-9A1E7A4F7556}") = "P03_JediGalaxy", "Resources\P03_JediGalaxy\P03_JediGalaxy.csproj", "{1B5B11D6-2749-4B3A-B4D7-0F2749E38D33}"
EndProject
Project("{FAE04EC0-301F-11D3-BF4B-00C04F79EFBC}") = "07. Refacture Hospital", "07. Refacture Hospital\07. Refacture Hospital.csproj", "{34CF96DF-09EE-4805-806E-C8B14F2E458A}"
EndProject
Project("{9A19103F-16F7-4668-BE54-9A1E7A4F7556}") = "P04_Hospital", "Resources\P04_Hospital\P04_Hospital.csproj", "{B691491B-9A93-4BD6-9B3E-768AEC0E1739}"
EndProject
Global
	GlobalSection(SolutionConfigurationPlatforms) = preSolution
		Debug|Any CPU = Debug|Any CPU
		Release|Any CPU = Release|Any CPU
	EndGlobalSection
	GlobalSection(ProjectConfigurationPlatforms) = postSolution
		{D61CA348-39CD-4A99-A50F-700EE12F09A0}.Debug|Any CPU.ActiveCfg = Debug|Any CPU
		{D61CA348-39CD-4A99-A50F-700EE12F09A0}.Debug|Any CPU.Build.0 = Debug|Any CPU
		{D61CA348-39CD-4A99-A50F-700EE12F09A0}.Release|Any CPU.ActiveCfg = Release|Any CPU
		{D61CA348-39CD-4A99-A50F-700EE12F09A0}.Release|Any CPU.Build.0 = Release|Any CPU
		{2E6C8DD6-1E6C-4BFA-9BC7-594EFA11C4A2}.Debug|Any CPU.ActiveCfg = Debug|Any CPU
		{2E6C8DD6-1E6C-4BFA-9BC7-594EFA11C4A2}.Debug|Any CPU.Build.0 = Debug|Any CPU
		{2E6C8DD6-1E6C-4BFA-9BC7-594EFA11C4A2}.Release|Any CPU.ActiveCfg = Release|Any CPU
		{2E6C8DD6-1E6C-4BFA-9BC7-594EFA11C4A2}.Release|Any CPU.Build.0 = Release|Any CPU
		{7880B397-5FAF-4412-ADD5-BD54FAB6D4FF}.Debug|Any CPU.ActiveCfg = Debug|Any CPU
		{7880B397-5FAF-4412-ADD5-BD54FAB6D4FF}.Debug|Any CPU.Build.0 = Debug|Any CPU
		{7880B397-5FAF-4412-ADD5-BD54FAB6D4FF}.Release|Any CPU.ActiveCfg = Release|Any CPU
		{7880B397-5FAF-4412-ADD5-BD54FAB6D4FF}.Release|Any CPU.Build.0 = Release|Any CPU
		{D205594A-5799-4728-90C7-8C8A86760933}.Debug|Any CPU.ActiveCfg = Debug|Any CPU
		{D205594A-5799-4728-90C7-8C8A86760933}.Debug|Any CPU.Build.0 = Debug|Any CPU
		{D205594A-5799-4728-90C7-8C8A86760933}.Release|Any CPU.ActiveCfg = Release|Any CPU
		{D205594A-5799-4728-90C7-8C8A86760933}.Release|Any CPU.Build.0 = Release|Any CPU
		{A2AA5091-9353-457A-8FE4-F46DDB4714A3}.Debug|Any CPU.ActiveCfg = Debug|Any CPU
		{A2AA5091-9353-457A-8FE4-F46DDB4714A3}.Debug|Any CPU.Build.0 = Debug|Any CPU
		{A2AA5091-9353-457A-8FE4-F46DDB4714A3}.Release|Any CPU.ActiveCfg = Release|Any CPU
		{A2AA5091-9353-457A-8FE4-F46DDB4714A3}.Release|Any CPU.Build.0 = Release|Any CPU
		{20B29345-DEA0-457B-828E-B92696F0DDE3}.Debug|Any CPU.ActiveCfg = Debug|Any CPU
		{20B29345-DEA0-457B-828E-B92696F0DDE3}.Debug|Any CPU.Build.0 = Debug|Any CPU
		{20B29345-DEA0-457B-828E-B92696F0DDE3}.Release|Any CPU.ActiveCfg = Release|Any CPU
		{20B29345-DEA0-457B-828E-B92696F0DDE3}.Release|Any CPU.Build.0 = Release|Any CPU
		{84CA1E26-1046-4E12-A6A5-378E9B50F9C0}.Debug|Any CPU.ActiveCfg = Debug|Any CPU
		{84CA1E26-1046-4E12-A6A5-378E9B50F9C0}.Debug|Any CPU.Build.0 = Debug|Any CPU
		{84CA1E26-1046-4E12-A6A5-378E9B50F9C0}.Release|Any CPU.ActiveCfg = Release|Any CPU
		{84CA1E26-1046-4E12-A6A5-378E9B50F9C0}.Release|Any CPU.Build.0 = Release|Any CPU
		{63FA2C6E-88E7-4FD5-A9C4-0F1D50213E25}.Debug|Any CPU.ActiveCfg = Debug|Any CPU
		{63FA2C6E-88E7-4FD5-A9C4-0F1D50213E25}.Debug|Any CPU.Build.0 = Debug|Any CPU
		{63FA2C6E-88E7-4FD5-A9C4-0F1D50213E25}.Release|Any CPU.ActiveCfg = Release|Any CPU
		{63FA2C6E-88E7-4FD5-A9C4-0F1D50213E25}.Release|Any CPU.Build.0 = Release|Any CPU
		{CDC4DA19-704C-4B46-A70F-5A310437EE36}.Debug|Any CPU.ActiveCfg = Debug|Any CPU
		{CDC4DA19-704C-4B46-A70F-5A310437EE36}.Debug|Any CPU.Build.0 = Debug|Any CPU
		{CDC4DA19-704C-4B46-A70F-5A310437EE36}.Release|Any CPU.ActiveCfg = Release|Any CPU
		{CDC4DA19-704C-4B46-A70F-5A310437EE36}.Release|Any CPU.Build.0 = Release|Any CPU
		{1B5B11D6-2749-4B3A-B4D7-0F2749E38D33}.Debug|Any CPU.ActiveCfg = Debug|Any CPU
		{1B5B11D6-2749-4B3A-B4D7-0F2749E38D33}.Debug|Any CPU.Build.0 = Debug|Any CPU
		{1B5B11D6-2749-4B3A-B4D7-0F2749E38D33}.Release|Any CPU.ActiveCfg = Release|Any CPU
		{1B5B11D6-2749-4B3A-B4D7-0F2749E38D33}.Release|Any CPU.Build.0 = Release|Any CPU
		{34CF96DF-09EE-4805-806E-C8B14F2E458A}.Debug|Any CPU.ActiveCfg = Debug|Any CPU
		{34CF96DF-09EE-4805-806E-C8B14F2E458A}.Debug|Any CPU.Build.0 = Debug|Any CPU
		{34CF96DF-09EE-4805-806E-C8B14F2E458A}.Release|Any CPU.ActiveCfg = Release|Any CPU
		{34CF96DF-09EE-4805-806E-C8B14F2E458A}.Release|Any CPU.Build.0 = Release|Any CPU
		{B691491B-9A93-4BD6-9B3E-768AEC0E1739}.Debug|Any CPU.ActiveCfg = Debug|Any CPU
		{B691491B-9A93-4BD6-9B3E-768AEC0E1739}.Debug|Any CPU.Build.0 = Debug|Any CPU
		{B691491B-9A93-4BD6-9B3E-768AEC0E1739}.Release|Any CPU.ActiveCfg = Release|Any CPU
		{B691491B-9A93-4BD6-9B3E-768AEC0E1739}.Release|Any CPU.Build.0 = Release|Any CPU
	EndGlobalSection
	GlobalSection(SolutionProperties) = preSolution
		HideSolutionNode = FALSE
	EndGlobalSection
	GlobalSection(ExtensibilityGlobals) = postSolution
		SolutionGuid = {01653573-FA7A-4325-9ED5-62F6B57C3D36}
	EndGlobalSection
EndGlobal
