
Microsoft Visual Studio Solution File, Format Version 12.00
# Visual Studio Version 16
VisualStudioVersion = 16.0.29709.97
MinimumVisualStudioVersion = 10.0.40219.1
Project("{FAE04EC0-301F-11D3-BF4B-00C04F79EFBC}") = "Count Chars in a String", "01. Count Chars in a String\Count Chars in a String.csproj", "{2556CF6A-90EA-434B-B187-0CBFF9B34E31}"
EndProject
Project("{FAE04EC0-301F-11D3-BF4B-00C04F79EFBC}") = "A Miner Task", "02. A Miner Task\A Miner Task.csproj", "{EB2699DE-72D6-4FC2-9A14-61D11D91A403}"
EndProject
Project("{FAE04EC0-301F-11D3-BF4B-00C04F79EFBC}") = "Count Real Numbers", "03. Count Real Numbers\Count Real Numbers.csproj", "{17E8EA3F-2520-47A5-B088-896484FD9DE2}"
EndProject
Project("{FAE04EC0-301F-11D3-BF4B-00C04F79EFBC}") = "Word Filter", "04. Word Filter\Word Filter.csproj", "{F3C20FB3-8F67-4677-867C-5C8BC0F22AD9}"
EndProject
Project("{FAE04EC0-301F-11D3-BF4B-00C04F79EFBC}") = "Odd Occurrences", "Odd Occurrences\Odd Occurrences.csproj", "{C7B2AB84-B3A0-4F2E-BBB5-D70506CAB0E9}"
EndProject
Project("{FAE04EC0-301F-11D3-BF4B-00C04F79EFBC}") = "Word Synonyms", "Word Synonyms\Word Synonyms.csproj", "{B622457D-5DE5-430F-8C34-41067BADB2BE}"
EndProject
Project("{FAE04EC0-301F-11D3-BF4B-00C04F79EFBC}") = "Largest 3 Numbers", "Largest 3 Numbers\Largest 3 Numbers.csproj", "{722F616F-1192-454C-B413-13764C64CAFB}"
EndProject
Global
	GlobalSection(SolutionConfigurationPlatforms) = preSolution
		Debug|Any CPU = Debug|Any CPU
		Release|Any CPU = Release|Any CPU
	EndGlobalSection
	GlobalSection(ProjectConfigurationPlatforms) = postSolution
		{2556CF6A-90EA-434B-B187-0CBFF9B34E31}.Debug|Any CPU.ActiveCfg = Debug|Any CPU
		{2556CF6A-90EA-434B-B187-0CBFF9B34E31}.Debug|Any CPU.Build.0 = Debug|Any CPU
		{2556CF6A-90EA-434B-B187-0CBFF9B34E31}.Release|Any CPU.ActiveCfg = Release|Any CPU
		{2556CF6A-90EA-434B-B187-0CBFF9B34E31}.Release|Any CPU.Build.0 = Release|Any CPU
		{EB2699DE-72D6-4FC2-9A14-61D11D91A403}.Debug|Any CPU.ActiveCfg = Debug|Any CPU
		{EB2699DE-72D6-4FC2-9A14-61D11D91A403}.Debug|Any CPU.Build.0 = Debug|Any CPU
		{EB2699DE-72D6-4FC2-9A14-61D11D91A403}.Release|Any CPU.ActiveCfg = Release|Any CPU
		{EB2699DE-72D6-4FC2-9A14-61D11D91A403}.Release|Any CPU.Build.0 = Release|Any CPU
		{17E8EA3F-2520-47A5-B088-896484FD9DE2}.Debug|Any CPU.ActiveCfg = Debug|Any CPU
		{17E8EA3F-2520-47A5-B088-896484FD9DE2}.Debug|Any CPU.Build.0 = Debug|Any CPU
		{17E8EA3F-2520-47A5-B088-896484FD9DE2}.Release|Any CPU.ActiveCfg = Release|Any CPU
		{17E8EA3F-2520-47A5-B088-896484FD9DE2}.Release|Any CPU.Build.0 = Release|Any CPU
		{F3C20FB3-8F67-4677-867C-5C8BC0F22AD9}.Debug|Any CPU.ActiveCfg = Debug|Any CPU
		{F3C20FB3-8F67-4677-867C-5C8BC0F22AD9}.Debug|Any CPU.Build.0 = Debug|Any CPU
		{F3C20FB3-8F67-4677-867C-5C8BC0F22AD9}.Release|Any CPU.ActiveCfg = Release|Any CPU
		{F3C20FB3-8F67-4677-867C-5C8BC0F22AD9}.Release|Any CPU.Build.0 = Release|Any CPU
		{C7B2AB84-B3A0-4F2E-BBB5-D70506CAB0E9}.Debug|Any CPU.ActiveCfg = Debug|Any CPU
		{C7B2AB84-B3A0-4F2E-BBB5-D70506CAB0E9}.Debug|Any CPU.Build.0 = Debug|Any CPU
		{C7B2AB84-B3A0-4F2E-BBB5-D70506CAB0E9}.Release|Any CPU.ActiveCfg = Release|Any CPU
		{C7B2AB84-B3A0-4F2E-BBB5-D70506CAB0E9}.Release|Any CPU.Build.0 = Release|Any CPU
		{B622457D-5DE5-430F-8C34-41067BADB2BE}.Debug|Any CPU.ActiveCfg = Debug|Any CPU
		{B622457D-5DE5-430F-8C34-41067BADB2BE}.Debug|Any CPU.Build.0 = Debug|Any CPU
		{B622457D-5DE5-430F-8C34-41067BADB2BE}.Release|Any CPU.ActiveCfg = Release|Any CPU
		{B622457D-5DE5-430F-8C34-41067BADB2BE}.Release|Any CPU.Build.0 = Release|Any CPU
		{722F616F-1192-454C-B413-13764C64CAFB}.Debug|Any CPU.ActiveCfg = Debug|Any CPU
		{722F616F-1192-454C-B413-13764C64CAFB}.Debug|Any CPU.Build.0 = Debug|Any CPU
		{722F616F-1192-454C-B413-13764C64CAFB}.Release|Any CPU.ActiveCfg = Release|Any CPU
		{722F616F-1192-454C-B413-13764C64CAFB}.Release|Any CPU.Build.0 = Release|Any CPU
	EndGlobalSection
	GlobalSection(SolutionProperties) = preSolution
		HideSolutionNode = FALSE
	EndGlobalSection
	GlobalSection(ExtensibilityGlobals) = postSolution
		SolutionGuid = {72C66D43-6A57-4027-8D5E-72AAC0D8534F}
	EndGlobalSection
EndGlobal
