
Microsoft Visual Studio Solution File, Format Version 12.00
# Visual Studio 15
VisualStudioVersion = 15.0.28307.902
MinimumVisualStudioVersion = 10.0.40219.1
Project("{FAE04EC0-301F-11D3-BF4B-00C04F79EFBC}") = "01. Count Chars in a String", "01. Count Chars in a String\01. Count Chars in a String.csproj", "{2556CF6A-90EA-434B-B187-0CBFF9B34E31}"
EndProject
Project("{FAE04EC0-301F-11D3-BF4B-00C04F79EFBC}") = "02. A Miner Task", "02. A Miner Task\02. A Miner Task.csproj", "{EB2699DE-72D6-4FC2-9A14-61D11D91A403}"
EndProject
Global
	GlobalSection(SolutionConfigurationPlatforms) = preSolution
		Debug|Any CPU = Debug|Any CPU
		Release|Any CPU = Release|Any CPU
	EndGlobalSection
	GlobalSection(ProjectConfigurationPlatforms) = postSolution
		{2556CF6A-90EA-434B-B187-0CBFF9B34E31}.Debug|Any CPU.ActiveCfg = Debug|Any CPU
		{2556CF6A-90EA-434B-B187-0CBFF9B34E31}.Debug|Any CPU.Build.0 = Debug|Any CPU
		{2556CF6A-90EA-434B-B187-0CBFF9B34E31}.Release|Any CPU.ActiveCfg = Release|Any CPU
		{2556CF6A-90EA-434B-B187-0CBFF9B34E31}.Release|Any CPU.Build.0 = Release|Any CPU
		{EB2699DE-72D6-4FC2-9A14-61D11D91A403}.Debug|Any CPU.ActiveCfg = Debug|Any CPU
		{EB2699DE-72D6-4FC2-9A14-61D11D91A403}.Debug|Any CPU.Build.0 = Debug|Any CPU
		{EB2699DE-72D6-4FC2-9A14-61D11D91A403}.Release|Any CPU.ActiveCfg = Release|Any CPU
		{EB2699DE-72D6-4FC2-9A14-61D11D91A403}.Release|Any CPU.Build.0 = Release|Any CPU
	EndGlobalSection
	GlobalSection(SolutionProperties) = preSolution
		HideSolutionNode = FALSE
	EndGlobalSection
	GlobalSection(ExtensibilityGlobals) = postSolution
		SolutionGuid = {72C66D43-6A57-4027-8D5E-72AAC0D8534F}
	EndGlobalSection
EndGlobal
