
Microsoft Visual Studio Solution File, Format Version 12.00
# Visual Studio Version 16
VisualStudioVersion = 16.0.29709.97
MinimumVisualStudioVersion = 10.0.40219.1
Project("{9A19103F-16F7-4668-BE54-9A1E7A4F7556}") = "Day of Week", "Day of Week\Day of Week.csproj", "{8B312439-F5CD-47FA-91C8-D88CAD41CD6B}"
EndProject
Project("{9A19103F-16F7-4668-BE54-9A1E7A4F7556}") = "Randomize Words", "Randomize Words\Randomize Words.csproj", "{01A0D4F6-4049-4536-8F4B-D9F000AA7C01}"
EndProject
Project("{9A19103F-16F7-4668-BE54-9A1E7A4F7556}") = "Big Factorial", "Big Factorial\Big Factorial.csproj", "{935A689E-B3B7-4CAB-ABCE-6F0700989ED7}"
EndProject
Project("{9A19103F-16F7-4668-BE54-9A1E7A4F7556}") = "Songs", "Songs\Songs.csproj", "{C540ABE3-DE5E-4434-8B9A-86572F337EB2}"
EndProject
Project("{9A19103F-16F7-4668-BE54-9A1E7A4F7556}") = "Students", "Students\Students.csproj", "{FDEA58C6-239A-4D22-AF7A-8690F12ECFCF}"
EndProject
Project("{9A19103F-16F7-4668-BE54-9A1E7A4F7556}") = "Store Boxes", "Store Boxes\Store Boxes.csproj", "{EE8AB28B-E447-4AFA-A503-395A24908DA0}"
EndProject
Project("{9A19103F-16F7-4668-BE54-9A1E7A4F7556}") = "Advertisement Message", "Advertisement Message\Advertisement Message.csproj", "{2AB19084-5CCC-4B2C-99AA-4DF9744FA863}"
EndProject
Project("{9A19103F-16F7-4668-BE54-9A1E7A4F7556}") = "Articles", "Articles\Articles.csproj", "{67618513-2B05-4D29-891E-5AF29521ED78}"
EndProject
Project("{9A19103F-16F7-4668-BE54-9A1E7A4F7556}") = "Students 2.0", "Students 2.0\Students 2.0.csproj", "{DBBD2572-D932-4975-884B-2AFA15B67B03}"
EndProject
Project("{9A19103F-16F7-4668-BE54-9A1E7A4F7556}") = "Teamwork Projects", "Teamwork Projects\Teamwork Projects.csproj", "{FF547F76-285D-47E8-B529-D629D03545D0}"
EndProject
Project("{FAE04EC0-301F-11D3-BF4B-00C04F79EFBC}") = "Vehicle Catalogue", "Vehicle Catalogue\Vehicle Catalogue.csproj", "{CFF4A0CD-824A-45BD-B51F-679322340E5F}"
EndProject
Project("{FAE04EC0-301F-11D3-BF4B-00C04F79EFBC}") = "Order by Age", "Order by Age\Order by Age.csproj", "{E15790AA-4EE2-4DC0-8A32-E2DFD70AE8C1}"
EndProject
Global
	GlobalSection(SolutionConfigurationPlatforms) = preSolution
		Debug|Any CPU = Debug|Any CPU
		Release|Any CPU = Release|Any CPU
	EndGlobalSection
	GlobalSection(ProjectConfigurationPlatforms) = postSolution
		{8B312439-F5CD-47FA-91C8-D88CAD41CD6B}.Debug|Any CPU.ActiveCfg = Debug|Any CPU
		{8B312439-F5CD-47FA-91C8-D88CAD41CD6B}.Debug|Any CPU.Build.0 = Debug|Any CPU
		{8B312439-F5CD-47FA-91C8-D88CAD41CD6B}.Release|Any CPU.ActiveCfg = Release|Any CPU
		{8B312439-F5CD-47FA-91C8-D88CAD41CD6B}.Release|Any CPU.Build.0 = Release|Any CPU
		{01A0D4F6-4049-4536-8F4B-D9F000AA7C01}.Debug|Any CPU.ActiveCfg = Debug|Any CPU
		{01A0D4F6-4049-4536-8F4B-D9F000AA7C01}.Debug|Any CPU.Build.0 = Debug|Any CPU
		{01A0D4F6-4049-4536-8F4B-D9F000AA7C01}.Release|Any CPU.ActiveCfg = Release|Any CPU
		{01A0D4F6-4049-4536-8F4B-D9F000AA7C01}.Release|Any CPU.Build.0 = Release|Any CPU
		{935A689E-B3B7-4CAB-ABCE-6F0700989ED7}.Debug|Any CPU.ActiveCfg = Debug|Any CPU
		{935A689E-B3B7-4CAB-ABCE-6F0700989ED7}.Debug|Any CPU.Build.0 = Debug|Any CPU
		{935A689E-B3B7-4CAB-ABCE-6F0700989ED7}.Release|Any CPU.ActiveCfg = Release|Any CPU
		{935A689E-B3B7-4CAB-ABCE-6F0700989ED7}.Release|Any CPU.Build.0 = Release|Any CPU
		{C540ABE3-DE5E-4434-8B9A-86572F337EB2}.Debug|Any CPU.ActiveCfg = Debug|Any CPU
		{C540ABE3-DE5E-4434-8B9A-86572F337EB2}.Debug|Any CPU.Build.0 = Debug|Any CPU
		{C540ABE3-DE5E-4434-8B9A-86572F337EB2}.Release|Any CPU.ActiveCfg = Release|Any CPU
		{C540ABE3-DE5E-4434-8B9A-86572F337EB2}.Release|Any CPU.Build.0 = Release|Any CPU
		{FDEA58C6-239A-4D22-AF7A-8690F12ECFCF}.Debug|Any CPU.ActiveCfg = Debug|Any CPU
		{FDEA58C6-239A-4D22-AF7A-8690F12ECFCF}.Debug|Any CPU.Build.0 = Debug|Any CPU
		{FDEA58C6-239A-4D22-AF7A-8690F12ECFCF}.Release|Any CPU.ActiveCfg = Release|Any CPU
		{FDEA58C6-239A-4D22-AF7A-8690F12ECFCF}.Release|Any CPU.Build.0 = Release|Any CPU
		{EE8AB28B-E447-4AFA-A503-395A24908DA0}.Debug|Any CPU.ActiveCfg = Debug|Any CPU
		{EE8AB28B-E447-4AFA-A503-395A24908DA0}.Debug|Any CPU.Build.0 = Debug|Any CPU
		{EE8AB28B-E447-4AFA-A503-395A24908DA0}.Release|Any CPU.ActiveCfg = Release|Any CPU
		{EE8AB28B-E447-4AFA-A503-395A24908DA0}.Release|Any CPU.Build.0 = Release|Any CPU
		{2AB19084-5CCC-4B2C-99AA-4DF9744FA863}.Debug|Any CPU.ActiveCfg = Debug|Any CPU
		{2AB19084-5CCC-4B2C-99AA-4DF9744FA863}.Debug|Any CPU.Build.0 = Debug|Any CPU
		{2AB19084-5CCC-4B2C-99AA-4DF9744FA863}.Release|Any CPU.ActiveCfg = Release|Any CPU
		{2AB19084-5CCC-4B2C-99AA-4DF9744FA863}.Release|Any CPU.Build.0 = Release|Any CPU
		{67618513-2B05-4D29-891E-5AF29521ED78}.Debug|Any CPU.ActiveCfg = Debug|Any CPU
		{67618513-2B05-4D29-891E-5AF29521ED78}.Debug|Any CPU.Build.0 = Debug|Any CPU
		{67618513-2B05-4D29-891E-5AF29521ED78}.Release|Any CPU.ActiveCfg = Release|Any CPU
		{67618513-2B05-4D29-891E-5AF29521ED78}.Release|Any CPU.Build.0 = Release|Any CPU
		{DBBD2572-D932-4975-884B-2AFA15B67B03}.Debug|Any CPU.ActiveCfg = Debug|Any CPU
		{DBBD2572-D932-4975-884B-2AFA15B67B03}.Debug|Any CPU.Build.0 = Debug|Any CPU
		{DBBD2572-D932-4975-884B-2AFA15B67B03}.Release|Any CPU.ActiveCfg = Release|Any CPU
		{DBBD2572-D932-4975-884B-2AFA15B67B03}.Release|Any CPU.Build.0 = Release|Any CPU
		{FF547F76-285D-47E8-B529-D629D03545D0}.Debug|Any CPU.ActiveCfg = Debug|Any CPU
		{FF547F76-285D-47E8-B529-D629D03545D0}.Debug|Any CPU.Build.0 = Debug|Any CPU
		{FF547F76-285D-47E8-B529-D629D03545D0}.Release|Any CPU.ActiveCfg = Release|Any CPU
		{FF547F76-285D-47E8-B529-D629D03545D0}.Release|Any CPU.Build.0 = Release|Any CPU
		{CFF4A0CD-824A-45BD-B51F-679322340E5F}.Debug|Any CPU.ActiveCfg = Debug|Any CPU
		{CFF4A0CD-824A-45BD-B51F-679322340E5F}.Debug|Any CPU.Build.0 = Debug|Any CPU
		{CFF4A0CD-824A-45BD-B51F-679322340E5F}.Release|Any CPU.ActiveCfg = Release|Any CPU
		{CFF4A0CD-824A-45BD-B51F-679322340E5F}.Release|Any CPU.Build.0 = Release|Any CPU
		{E15790AA-4EE2-4DC0-8A32-E2DFD70AE8C1}.Debug|Any CPU.ActiveCfg = Debug|Any CPU
		{E15790AA-4EE2-4DC0-8A32-E2DFD70AE8C1}.Debug|Any CPU.Build.0 = Debug|Any CPU
		{E15790AA-4EE2-4DC0-8A32-E2DFD70AE8C1}.Release|Any CPU.ActiveCfg = Release|Any CPU
		{E15790AA-4EE2-4DC0-8A32-E2DFD70AE8C1}.Release|Any CPU.Build.0 = Release|Any CPU
	EndGlobalSection
	GlobalSection(SolutionProperties) = preSolution
		HideSolutionNode = FALSE
	EndGlobalSection
	GlobalSection(ExtensibilityGlobals) = postSolution
		SolutionGuid = {BE4E3E1F-771E-4EB8-B7FF-B3ECDD5606D2}
	EndGlobalSection
EndGlobal
