
Microsoft Visual Studio Solution File, Format Version 12.00
# Visual Studio 15
VisualStudioVersion = 15.0.28307.1000
MinimumVisualStudioVersion = 10.0.40219.1
Project("{FAE04EC0-301F-11D3-BF4B-00C04F79EFBC}") = "National Court", "National Court\National Court.csproj", "{C07359D9-7802-4C6B-8854-8F83EBAF26C2}"
EndProject
Project("{FAE04EC0-301F-11D3-BF4B-00C04F79EFBC}") = "Shoping List", "Shoping List\Shoping List.csproj", "{3FC3D15F-D285-4327-BE32-1CE894BA7D78}"
EndProject
Project("{FAE04EC0-301F-11D3-BF4B-00C04F79EFBC}") = "Heart Delivery", "Heart Delivery\Heart Delivery.csproj", "{7DF4EDE1-AE22-4596-8923-9084F6863F81}"
EndProject
Global
	GlobalSection(SolutionConfigurationPlatforms) = preSolution
		Debug|Any CPU = Debug|Any CPU
		Release|Any CPU = Release|Any CPU
	EndGlobalSection
	GlobalSection(ProjectConfigurationPlatforms) = postSolution
		{C07359D9-7802-4C6B-8854-8F83EBAF26C2}.Debug|Any CPU.ActiveCfg = Debug|Any CPU
		{C07359D9-7802-4C6B-8854-8F83EBAF26C2}.Debug|Any CPU.Build.0 = Debug|Any CPU
		{C07359D9-7802-4C6B-8854-8F83EBAF26C2}.Release|Any CPU.ActiveCfg = Release|Any CPU
		{C07359D9-7802-4C6B-8854-8F83EBAF26C2}.Release|Any CPU.Build.0 = Release|Any CPU
		{3FC3D15F-D285-4327-BE32-1CE894BA7D78}.Debug|Any CPU.ActiveCfg = Debug|Any CPU
		{3FC3D15F-D285-4327-BE32-1CE894BA7D78}.Debug|Any CPU.Build.0 = Debug|Any CPU
		{3FC3D15F-D285-4327-BE32-1CE894BA7D78}.Release|Any CPU.ActiveCfg = Release|Any CPU
		{3FC3D15F-D285-4327-BE32-1CE894BA7D78}.Release|Any CPU.Build.0 = Release|Any CPU
		{7DF4EDE1-AE22-4596-8923-9084F6863F81}.Debug|Any CPU.ActiveCfg = Debug|Any CPU
		{7DF4EDE1-AE22-4596-8923-9084F6863F81}.Debug|Any CPU.Build.0 = Debug|Any CPU
		{7DF4EDE1-AE22-4596-8923-9084F6863F81}.Release|Any CPU.ActiveCfg = Release|Any CPU
		{7DF4EDE1-AE22-4596-8923-9084F6863F81}.Release|Any CPU.Build.0 = Release|Any CPU
	EndGlobalSection
	GlobalSection(SolutionProperties) = preSolution
		HideSolutionNode = FALSE
	EndGlobalSection
	GlobalSection(ExtensibilityGlobals) = postSolution
		SolutionGuid = {12579974-FE53-4347-8D27-E1F3C6428132}
	EndGlobalSection
EndGlobal
