
Microsoft Visual Studio Solution File, Format Version 12.00
# Visual Studio 15
VisualStudioVersion = 15.0.28307.902
MinimumVisualStudioVersion = 10.0.40219.1
Project("{FAE04EC0-301F-11D3-BF4B-00C04F79EFBC}") = "P05. Date Modifier", "P05. Date Modifier\P05. Date Modifier.csproj", "{A1851D83-50A6-4E98-A689-C0EED2E12A0A}"
EndProject
Global
	GlobalSection(SolutionConfigurationPlatforms) = preSolution
		Debug|Any CPU = Debug|Any CPU
		Release|Any CPU = Release|Any CPU
	EndGlobalSection
	GlobalSection(ProjectConfigurationPlatforms) = postSolution
		{A1851D83-50A6-4E98-A689-C0EED2E12A0A}.Debug|Any CPU.ActiveCfg = Debug|Any CPU
		{A1851D83-50A6-4E98-A689-C0EED2E12A0A}.Debug|Any CPU.Build.0 = Debug|Any CPU
		{A1851D83-50A6-4E98-A689-C0EED2E12A0A}.Release|Any CPU.ActiveCfg = Release|Any CPU
		{A1851D83-50A6-4E98-A689-C0EED2E12A0A}.Release|Any CPU.Build.0 = Release|Any CPU
	EndGlobalSection
	GlobalSection(SolutionProperties) = preSolution
		HideSolutionNode = FALSE
	EndGlobalSection
	GlobalSection(ExtensibilityGlobals) = postSolution
		SolutionGuid = {3FA1447C-AC1D-4381-8D1B-E7675F803B05}
	EndGlobalSection
EndGlobal
