
Microsoft Visual Studio Solution File, Format Version 12.00
# Visual Studio 15
VisualStudioVersion = 15.0.28307.902
MinimumVisualStudioVersion = 10.0.40219.1
Project("{9A19103F-16F7-4668-BE54-9A1E7A4F7556}") = "Shapes", "Shapes\Shapes.csproj", "{E1DF9F80-D717-4ED7-8E4B-227336134A8E}"
EndProject
Project("{9A19103F-16F7-4668-BE54-9A1E7A4F7556}") = "Cars", "Cars\Cars.csproj", "{17884D48-38AD-4295-B83F-DF2D460D7FD4}"
EndProject
Project("{9A19103F-16F7-4668-BE54-9A1E7A4F7556}") = "PersonInfo", "PersonInfo\PersonInfo.csproj", "{04B2F1D1-81F7-4772-973E-CCEFF23825B6}"
EndProject
Project("{9A19103F-16F7-4668-BE54-9A1E7A4F7556}") = "Ferrari", "Ferrari\Ferrari.csproj", "{6E1CE58F-E543-479F-BE2E-ADB9D9CEF124}"
EndProject
Project("{9A19103F-16F7-4668-BE54-9A1E7A4F7556}") = "Telephony", "Telephony\Telephony.csproj", "{E6221FBF-C324-4627-8A30-5EE417D28AAC}"
EndProject
Project("{9A19103F-16F7-4668-BE54-9A1E7A4F7556}") = "BorderControl", "BorderControl\BorderControl.csproj", "{66FB8B54-E660-4F56-98D8-9B811EB0A47A}"
EndProject
Project("{9A19103F-16F7-4668-BE54-9A1E7A4F7556}") = "MilitaryElite", "MilitaryElite\MilitaryElite.csproj", "{F7A40F16-1107-4D93-B5B1-0292DA7E761F}"
EndProject
Project("{FAE04EC0-301F-11D3-BF4B-00C04F79EFBC}") = "CollectionHierarchy", "CollectionHierarchy\CollectionHierarchy.csproj", "{6D2038F8-2BD9-4649-9B7D-D235ED721DF5}"
EndProject
Project("{FAE04EC0-301F-11D3-BF4B-00C04F79EFBC}") = "ExplicitInterfaces", "ExplicitInterfaces\ExplicitInterfaces.csproj", "{1BA28A98-9491-45AA-84B8-E969DCE0BFAC}"
EndProject
Global
	GlobalSection(SolutionConfigurationPlatforms) = preSolution
		Debug|Any CPU = Debug|Any CPU
		Release|Any CPU = Release|Any CPU
	EndGlobalSection
	GlobalSection(ProjectConfigurationPlatforms) = postSolution
		{E1DF9F80-D717-4ED7-8E4B-227336134A8E}.Debug|Any CPU.ActiveCfg = Debug|Any CPU
		{E1DF9F80-D717-4ED7-8E4B-227336134A8E}.Debug|Any CPU.Build.0 = Debug|Any CPU
		{E1DF9F80-D717-4ED7-8E4B-227336134A8E}.Release|Any CPU.ActiveCfg = Release|Any CPU
		{E1DF9F80-D717-4ED7-8E4B-227336134A8E}.Release|Any CPU.Build.0 = Release|Any CPU
		{17884D48-38AD-4295-B83F-DF2D460D7FD4}.Debug|Any CPU.ActiveCfg = Debug|Any CPU
		{17884D48-38AD-4295-B83F-DF2D460D7FD4}.Debug|Any CPU.Build.0 = Debug|Any CPU
		{17884D48-38AD-4295-B83F-DF2D460D7FD4}.Release|Any CPU.ActiveCfg = Release|Any CPU
		{17884D48-38AD-4295-B83F-DF2D460D7FD4}.Release|Any CPU.Build.0 = Release|Any CPU
		{04B2F1D1-81F7-4772-973E-CCEFF23825B6}.Debug|Any CPU.ActiveCfg = Debug|Any CPU
		{04B2F1D1-81F7-4772-973E-CCEFF23825B6}.Debug|Any CPU.Build.0 = Debug|Any CPU
		{04B2F1D1-81F7-4772-973E-CCEFF23825B6}.Release|Any CPU.ActiveCfg = Release|Any CPU
		{04B2F1D1-81F7-4772-973E-CCEFF23825B6}.Release|Any CPU.Build.0 = Release|Any CPU
		{6E1CE58F-E543-479F-BE2E-ADB9D9CEF124}.Debug|Any CPU.ActiveCfg = Debug|Any CPU
		{6E1CE58F-E543-479F-BE2E-ADB9D9CEF124}.Debug|Any CPU.Build.0 = Debug|Any CPU
		{6E1CE58F-E543-479F-BE2E-ADB9D9CEF124}.Release|Any CPU.ActiveCfg = Release|Any CPU
		{6E1CE58F-E543-479F-BE2E-ADB9D9CEF124}.Release|Any CPU.Build.0 = Release|Any CPU
		{E6221FBF-C324-4627-8A30-5EE417D28AAC}.Debug|Any CPU.ActiveCfg = Debug|Any CPU
		{E6221FBF-C324-4627-8A30-5EE417D28AAC}.Debug|Any CPU.Build.0 = Debug|Any CPU
		{E6221FBF-C324-4627-8A30-5EE417D28AAC}.Release|Any CPU.ActiveCfg = Release|Any CPU
		{E6221FBF-C324-4627-8A30-5EE417D28AAC}.Release|Any CPU.Build.0 = Release|Any CPU
		{66FB8B54-E660-4F56-98D8-9B811EB0A47A}.Debug|Any CPU.ActiveCfg = Debug|Any CPU
		{66FB8B54-E660-4F56-98D8-9B811EB0A47A}.Debug|Any CPU.Build.0 = Debug|Any CPU
		{66FB8B54-E660-4F56-98D8-9B811EB0A47A}.Release|Any CPU.ActiveCfg = Release|Any CPU
		{66FB8B54-E660-4F56-98D8-9B811EB0A47A}.Release|Any CPU.Build.0 = Release|Any CPU
		{F7A40F16-1107-4D93-B5B1-0292DA7E761F}.Debug|Any CPU.ActiveCfg = Debug|Any CPU
		{F7A40F16-1107-4D93-B5B1-0292DA7E761F}.Debug|Any CPU.Build.0 = Debug|Any CPU
		{F7A40F16-1107-4D93-B5B1-0292DA7E761F}.Release|Any CPU.ActiveCfg = Release|Any CPU
		{F7A40F16-1107-4D93-B5B1-0292DA7E761F}.Release|Any CPU.Build.0 = Release|Any CPU
		{6D2038F8-2BD9-4649-9B7D-D235ED721DF5}.Debug|Any CPU.ActiveCfg = Debug|Any CPU
		{6D2038F8-2BD9-4649-9B7D-D235ED721DF5}.Debug|Any CPU.Build.0 = Debug|Any CPU
		{6D2038F8-2BD9-4649-9B7D-D235ED721DF5}.Release|Any CPU.ActiveCfg = Release|Any CPU
		{6D2038F8-2BD9-4649-9B7D-D235ED721DF5}.Release|Any CPU.Build.0 = Release|Any CPU
		{1BA28A98-9491-45AA-84B8-E969DCE0BFAC}.Debug|Any CPU.ActiveCfg = Debug|Any CPU
		{1BA28A98-9491-45AA-84B8-E969DCE0BFAC}.Debug|Any CPU.Build.0 = Debug|Any CPU
		{1BA28A98-9491-45AA-84B8-E969DCE0BFAC}.Release|Any CPU.ActiveCfg = Release|Any CPU
		{1BA28A98-9491-45AA-84B8-E969DCE0BFAC}.Release|Any CPU.Build.0 = Release|Any CPU
	EndGlobalSection
	GlobalSection(SolutionProperties) = preSolution
		HideSolutionNode = FALSE
	EndGlobalSection
	GlobalSection(ExtensibilityGlobals) = postSolution
		SolutionGuid = {61492A61-8F50-4B21-AD9B-FE62E511B73F}
	EndGlobalSection
EndGlobal
