
Microsoft Visual Studio Solution File, Format Version 12.00
# Visual Studio 15
VisualStudioVersion = 15.0.28307.902
MinimumVisualStudioVersion = 10.0.40219.1
Project("{FAE04EC0-301F-11D3-BF4B-00C04F79EFBC}") = "01. Sort Even Numbers", "01. Sort Even Numbers\01. Sort Even Numbers.csproj", "{EA3E602D-B59A-4D79-A07F-3F04812393CD}"
EndProject
Project("{FAE04EC0-301F-11D3-BF4B-00C04F79EFBC}") = "02. Sum Numbers", "02. Sum Numbers\02. Sum Numbers.csproj", "{507A9DD4-0353-4EB6-BAEA-871BD783F6A9}"
EndProject
Project("{FAE04EC0-301F-11D3-BF4B-00C04F79EFBC}") = "03. Count Uppercase Words", "03. Count Uppercase Words\03. Count Uppercase Words.csproj", "{7B60DE75-D2AA-4711-8CDC-78043B487026}"
EndProject
Project("{FAE04EC0-301F-11D3-BF4B-00C04F79EFBC}") = "04. Add VAT", "04. Add VAT\04. Add VAT.csproj", "{29ACE90A-365E-4130-B5F4-FA9FFED397FB}"
EndProject
Project("{FAE04EC0-301F-11D3-BF4B-00C04F79EFBC}") = "05. Filter By Age", "05. Filter By Age\05. Filter By Age.csproj", "{59ABB265-3E1A-4B7A-9B28-C5E894915082}"
EndProject
Global
	GlobalSection(SolutionConfigurationPlatforms) = preSolution
		Debug|Any CPU = Debug|Any CPU
		Release|Any CPU = Release|Any CPU
	EndGlobalSection
	GlobalSection(ProjectConfigurationPlatforms) = postSolution
		{EA3E602D-B59A-4D79-A07F-3F04812393CD}.Debug|Any CPU.ActiveCfg = Debug|Any CPU
		{EA3E602D-B59A-4D79-A07F-3F04812393CD}.Debug|Any CPU.Build.0 = Debug|Any CPU
		{EA3E602D-B59A-4D79-A07F-3F04812393CD}.Release|Any CPU.ActiveCfg = Release|Any CPU
		{EA3E602D-B59A-4D79-A07F-3F04812393CD}.Release|Any CPU.Build.0 = Release|Any CPU
		{507A9DD4-0353-4EB6-BAEA-871BD783F6A9}.Debug|Any CPU.ActiveCfg = Debug|Any CPU
		{507A9DD4-0353-4EB6-BAEA-871BD783F6A9}.Debug|Any CPU.Build.0 = Debug|Any CPU
		{507A9DD4-0353-4EB6-BAEA-871BD783F6A9}.Release|Any CPU.ActiveCfg = Release|Any CPU
		{507A9DD4-0353-4EB6-BAEA-871BD783F6A9}.Release|Any CPU.Build.0 = Release|Any CPU
		{7B60DE75-D2AA-4711-8CDC-78043B487026}.Debug|Any CPU.ActiveCfg = Debug|Any CPU
		{7B60DE75-D2AA-4711-8CDC-78043B487026}.Debug|Any CPU.Build.0 = Debug|Any CPU
		{7B60DE75-D2AA-4711-8CDC-78043B487026}.Release|Any CPU.ActiveCfg = Release|Any CPU
		{7B60DE75-D2AA-4711-8CDC-78043B487026}.Release|Any CPU.Build.0 = Release|Any CPU
		{29ACE90A-365E-4130-B5F4-FA9FFED397FB}.Debug|Any CPU.ActiveCfg = Debug|Any CPU
		{29ACE90A-365E-4130-B5F4-FA9FFED397FB}.Debug|Any CPU.Build.0 = Debug|Any CPU
		{29ACE90A-365E-4130-B5F4-FA9FFED397FB}.Release|Any CPU.ActiveCfg = Release|Any CPU
		{29ACE90A-365E-4130-B5F4-FA9FFED397FB}.Release|Any CPU.Build.0 = Release|Any CPU
		{59ABB265-3E1A-4B7A-9B28-C5E894915082}.Debug|Any CPU.ActiveCfg = Debug|Any CPU
		{59ABB265-3E1A-4B7A-9B28-C5E894915082}.Debug|Any CPU.Build.0 = Debug|Any CPU
		{59ABB265-3E1A-4B7A-9B28-C5E894915082}.Release|Any CPU.ActiveCfg = Release|Any CPU
		{59ABB265-3E1A-4B7A-9B28-C5E894915082}.Release|Any CPU.Build.0 = Release|Any CPU
	EndGlobalSection
	GlobalSection(SolutionProperties) = preSolution
		HideSolutionNode = FALSE
	EndGlobalSection
	GlobalSection(ExtensibilityGlobals) = postSolution
		SolutionGuid = {0A077D79-8030-4E8C-947B-ABC3CBAEF45B}
	EndGlobalSection
EndGlobal
