
Microsoft Visual Studio Solution File, Format Version 12.00
# Visual Studio 15
VisualStudioVersion = 15.0.28307.902
MinimumVisualStudioVersion = 10.0.40219.1
Project("{FAE04EC0-301F-11D3-BF4B-00C04F79EFBC}") = "01. Box of T", "01. Box of T\01. Box of T.csproj", "{3E972027-604A-43E7-B05D-40F945EFB6DB}"
EndProject
Project("{FAE04EC0-301F-11D3-BF4B-00C04F79EFBC}") = "02. Generic Array Creator", "02. Generic Array Creator\02. Generic Array Creator.csproj", "{7D9C62EA-3729-4596-8A6A-682903B30F65}"
EndProject
Project("{FAE04EC0-301F-11D3-BF4B-00C04F79EFBC}") = "Generic Scale", "Generic Scale\Generic Scale.csproj", "{18D2CC8E-0601-425C-BE84-B8B28D55ADD8}"
EndProject
Global
	GlobalSection(SolutionConfigurationPlatforms) = preSolution
		Debug|Any CPU = Debug|Any CPU
		Release|Any CPU = Release|Any CPU
	EndGlobalSection
	GlobalSection(ProjectConfigurationPlatforms) = postSolution
		{3E972027-604A-43E7-B05D-40F945EFB6DB}.Debug|Any CPU.ActiveCfg = Debug|Any CPU
		{3E972027-604A-43E7-B05D-40F945EFB6DB}.Debug|Any CPU.Build.0 = Debug|Any CPU
		{3E972027-604A-43E7-B05D-40F945EFB6DB}.Release|Any CPU.ActiveCfg = Release|Any CPU
		{3E972027-604A-43E7-B05D-40F945EFB6DB}.Release|Any CPU.Build.0 = Release|Any CPU
		{7D9C62EA-3729-4596-8A6A-682903B30F65}.Debug|Any CPU.ActiveCfg = Debug|Any CPU
		{7D9C62EA-3729-4596-8A6A-682903B30F65}.Debug|Any CPU.Build.0 = Debug|Any CPU
		{7D9C62EA-3729-4596-8A6A-682903B30F65}.Release|Any CPU.ActiveCfg = Release|Any CPU
		{7D9C62EA-3729-4596-8A6A-682903B30F65}.Release|Any CPU.Build.0 = Release|Any CPU
		{18D2CC8E-0601-425C-BE84-B8B28D55ADD8}.Debug|Any CPU.ActiveCfg = Debug|Any CPU
		{18D2CC8E-0601-425C-BE84-B8B28D55ADD8}.Debug|Any CPU.Build.0 = Debug|Any CPU
		{18D2CC8E-0601-425C-BE84-B8B28D55ADD8}.Release|Any CPU.ActiveCfg = Release|Any CPU
		{18D2CC8E-0601-425C-BE84-B8B28D55ADD8}.Release|Any CPU.Build.0 = Release|Any CPU
	EndGlobalSection
	GlobalSection(SolutionProperties) = preSolution
		HideSolutionNode = FALSE
	EndGlobalSection
	GlobalSection(ExtensibilityGlobals) = postSolution
		SolutionGuid = {CB2BDC8E-BB38-4EEC-9B9C-B3D1DE698824}
	EndGlobalSection
EndGlobal
