
Microsoft Visual Studio Solution File, Format Version 12.00
# Visual Studio Version 16
VisualStudioVersion = 16.0.29709.97
MinimumVisualStudioVersion = 10.0.40219.1
Project("{9A19103F-16F7-4668-BE54-9A1E7A4F7556}") = "MuOnline", "MuOnline\MuOnline.csproj", "{03D5A3F6-F8B9-4F8A-B687-3FC461D27B10}"
EndProject
Global
	GlobalSection(SolutionConfigurationPlatforms) = preSolution
		Debug|Any CPU = Debug|Any CPU
		Release|Any CPU = Release|Any CPU
	EndGlobalSection
	GlobalSection(ProjectConfigurationPlatforms) = postSolution
		{03D5A3F6-F8B9-4F8A-B687-3FC461D27B10}.Debug|Any CPU.ActiveCfg = Debug|Any CPU
		{03D5A3F6-F8B9-4F8A-B687-3FC461D27B10}.Debug|Any CPU.Build.0 = Debug|Any CPU
		{03D5A3F6-F8B9-4F8A-B687-3FC461D27B10}.Release|Any CPU.ActiveCfg = Release|Any CPU
		{03D5A3F6-F8B9-4F8A-B687-3FC461D27B10}.Release|Any CPU.Build.0 = Release|Any CPU
	EndGlobalSection
	GlobalSection(SolutionProperties) = preSolution
		HideSolutionNode = FALSE
	EndGlobalSection
	GlobalSection(ExtensibilityGlobals) = postSolution
		SolutionGuid = {BEE4AA50-C6FC-4EE0-ABC6-814E6A55BBEC}
	EndGlobalSection
EndGlobal
